
Microsoft Visual Studio Solution File, Format Version 12.00
# Visual Studio Version 17
VisualStudioVersion = 17.13.35931.197 d17.13
MinimumVisualStudioVersion = 10.0.40219.1
Project("{FAE04EC0-301F-11D3-BF4B-00C04F79EFBC}") = "WebApplication1", "WebApplication1\WebApplication1.csproj", "{B9312B1D-6067-465E-A14C-CF56F792C357}"
EndProject
Global
	GlobalSection(SolutionConfigurationPlatforms) = preSolution
		Debug|Any CPU = Debug|Any CPU
		Release|Any CPU = Release|Any CPU
	EndGlobalSection
	GlobalSection(ProjectConfigurationPlatforms) = postSolution
		{B9312B1D-6067-465E-A14C-CF56F792C357}.Debug|Any CPU.ActiveCfg = Debug|Any CPU
		{B9312B1D-6067-465E-A14C-CF56F792C357}.Debug|Any CPU.Build.0 = Debug|Any CPU
		{B9312B1D-6067-465E-A14C-CF56F792C357}.Release|Any CPU.ActiveCfg = Release|Any CPU
		{B9312B1D-6067-465E-A14C-CF56F792C357}.Release|Any CPU.Build.0 = Release|Any CPU
	EndGlobalSection
	GlobalSection(SolutionProperties) = preSolution
		HideSolutionNode = FALSE
	EndGlobalSection
	GlobalSection(ExtensibilityGlobals) = postSolution
		SolutionGuid = {5D607E71-EE13-4EEE-8E5F-BC57CB6721C4}
	EndGlobalSection
EndGlobal
